// !$*UTF8*$!
{
	archiveVersion = 1;
	classes = {
	};
	objectVersion = 46;
	objects = {

/* Begin PBXBuildFile section */
		AA030AD21CF91E1A00939B8F /* csv.swift in Sources */ = {isa = PBXBuildFile; fileRef = AA030AD11CF91E1A00939B8F /* csv.swift */; };
		AA089C011CF63EDA00A94E22 /* AppDelegate.swift in Sources */ = {isa = PBXBuildFile; fileRef = AA089C001CF63EDA00A94E22 /* AppDelegate.swift */; };
		AA089C031CF63EDA00A94E22 /* ViewController.swift in Sources */ = {isa = PBXBuildFile; fileRef = AA089C021CF63EDA00A94E22 /* ViewController.swift */; };
		AA089C061CF63EDA00A94E22 /* Main.storyboard in Resources */ = {isa = PBXBuildFile; fileRef = AA089C041CF63EDA00A94E22 /* Main.storyboard */; };
		AA089C081CF63EDA00A94E22 /* Assets.xcassets in Resources */ = {isa = PBXBuildFile; fileRef = AA089C071CF63EDA00A94E22 /* Assets.xcassets */; };
		AA089C0B1CF63EDA00A94E22 /* LaunchScreen.storyboard in Resources */ = {isa = PBXBuildFile; fileRef = AA089C091CF63EDA00A94E22 /* LaunchScreen.storyboard */; };
		AA089C131CF6417E00A94E22 /* pokemon.csv in Resources */ = {isa = PBXBuildFile; fileRef = AA089C121CF6417E00A94E22 /* pokemon.csv */; };
		AA78EA941CF65897003DB3CF /* Pokemon.swift in Sources */ = {isa = PBXBuildFile; fileRef = AA78EA931CF65897003DB3CF /* Pokemon.swift */; };
		AA78EA971CF664F3003DB3CF /* MonsterCell.swift in Sources */ = {isa = PBXBuildFile; fileRef = AA78EA961CF664F3003DB3CF /* MonsterCell.swift */; };
		AAA086F81CFCE69A00E11BD2 /* pokefont.ttf in Resources */ = {isa = PBXBuildFile; fileRef = AAA086F71CFCE69A00E11BD2 /* pokefont.ttf */; };
		AAA086FA1CFCEF0900E11BD2 /* music.mp3 in Resources */ = {isa = PBXBuildFile; fileRef = AAA086F91CFCEF0900E11BD2 /* music.mp3 */; };
		AAA086FC1CFD022500E11BD2 /* MonsterDetailVC.swift in Sources */ = {isa = PBXBuildFile; fileRef = AAA086FB1CFD022500E11BD2 /* MonsterDetailVC.swift */; };
/* End PBXBuildFile section */

/* Begin PBXFileReference section */
		AA030AD11CF91E1A00939B8F /* csv.swift */ = {isa = PBXFileReference; fileEncoding = 4; lastKnownFileType = sourcecode.swift; path = csv.swift; sourceTree = "<group>"; };
		AA089BFD1CF63EDA00A94E22 /* Pokemon-app.app */ = {isa = PBXFileReference; explicitFileType = wrapper.application; includeInIndex = 0; path = "Pokemon-app.app"; sourceTree = BUILT_PRODUCTS_DIR; };
		AA089C001CF63EDA00A94E22 /* AppDelegate.swift */ = {isa = PBXFileReference; lastKnownFileType = sourcecode.swift; path = AppDelegate.swift; sourceTree = "<group>"; };
		AA089C021CF63EDA00A94E22 /* ViewController.swift */ = {isa = PBXFileReference; lastKnownFileType = sourcecode.swift; path = ViewController.swift; sourceTree = "<group>"; };
		AA089C051CF63EDA00A94E22 /* Base */ = {isa = PBXFileReference; lastKnownFileType = file.storyboard; name = Base; path = Base.lproj/Main.storyboard; sourceTree = "<group>"; };
		AA089C071CF63EDA00A94E22 /* Assets.xcassets */ = {isa = PBXFileReference; lastKnownFileType = folder.assetcatalog; path = Assets.xcassets; sourceTree = "<group>"; };
		AA089C0A1CF63EDA00A94E22 /* Base */ = {isa = PBXFileReference; lastKnownFileType = file.storyboard; name = Base; path = Base.lproj/LaunchScreen.storyboard; sourceTree = "<group>"; };
		AA089C0C1CF63EDA00A94E22 /* Info.plist */ = {isa = PBXFileReference; lastKnownFileType = text.plist.xml; path = Info.plist; sourceTree = "<group>"; };
		AA089C121CF6417E00A94E22 /* pokemon.csv */ = {isa = PBXFileReference; fileEncoding = 4; lastKnownFileType = text; path = pokemon.csv; sourceTree = "<group>"; };
		AA78EA931CF65897003DB3CF /* Pokemon.swift */ = {isa = PBXFileReference; fileEncoding = 4; lastKnownFileType = sourcecode.swift; path = Pokemon.swift; sourceTree = "<group>"; };
		AA78EA961CF664F3003DB3CF /* MonsterCell.swift */ = {isa = PBXFileReference; fileEncoding = 4; lastKnownFileType = sourcecode.swift; path = MonsterCell.swift; sourceTree = "<group>"; };
		AAA086F71CFCE69A00E11BD2 /* pokefont.ttf */ = {isa = PBXFileReference; lastKnownFileType = file; path = pokefont.ttf; sourceTree = "<group>"; };
		AAA086F91CFCEF0900E11BD2 /* music.mp3 */ = {isa = PBXFileReference; lastKnownFileType = audio.mp3; path = music.mp3; sourceTree = "<group>"; };
		AAA086FB1CFD022500E11BD2 /* MonsterDetailVC.swift */ = {isa = PBXFileReference; fileEncoding = 4; lastKnownFileType = sourcecode.swift; path = MonsterDetailVC.swift; sourceTree = "<group>"; };
/* End PBXFileReference section */

/* Begin PBXFrameworksBuildPhase section */
		AA089BFA1CF63EDA00A94E22 /* Frameworks */ = {
			isa = PBXFrameworksBuildPhase;
			buildActionMask = 2147483647;
			files = (
			);
			runOnlyForDeploymentPostprocessing = 0;
		};
/* End PBXFrameworksBuildPhase section */

/* Begin PBXGroup section */
		AA030ACE1CF91D5D00939B8F /* Util */ = {
			isa = PBXGroup;
			children = (
				AA030AD11CF91E1A00939B8F /* csv.swift */,
			);
			name = Util;
			sourceTree = "<group>";
		};
		AA030ACF1CF91D6900939B8F /* Controller */ = {
			isa = PBXGroup;
			children = (
				AA089C021CF63EDA00A94E22 /* ViewController.swift */,
				AAA086FB1CFD022500E11BD2 /* MonsterDetailVC.swift */,
			);
			name = Controller;
			sourceTree = "<group>";
		};
		AA030AD01CF91D7100939B8F /* Resources */ = {
			isa = PBXGroup;
			children = (
				AAA086F71CFCE69A00E11BD2 /* pokefont.ttf */,
				AAA086F91CFCEF0900E11BD2 /* music.mp3 */,
				AA089C121CF6417E00A94E22 /* pokemon.csv */,
			);
			name = Resources;
			sourceTree = "<group>";
		};
		AA089BF41CF63EDA00A94E22 = {
			isa = PBXGroup;
			children = (
				AA089BFF1CF63EDA00A94E22 /* Pokemon-app */,
				AA089BFE1CF63EDA00A94E22 /* Products */,
			);
			sourceTree = "<group>";
		};
		AA089BFE1CF63EDA00A94E22 /* Products */ = {
			isa = PBXGroup;
			children = (
				AA089BFD1CF63EDA00A94E22 /* Pokemon-app.app */,
			);
			name = Products;
			sourceTree = "<group>";
		};
		AA089BFF1CF63EDA00A94E22 /* Pokemon-app */ = {
			isa = PBXGroup;
			children = (
				AA78EA921CF65881003DB3CF /* Model */,
				AA78EA951CF6649A003DB3CF /* View */,
				AA030ACF1CF91D6900939B8F /* Controller */,
				AA030ACE1CF91D5D00939B8F /* Util */,
				AA030AD01CF91D7100939B8F /* Resources */,
				AA089C001CF63EDA00A94E22 /* AppDelegate.swift */,
				AA089C041CF63EDA00A94E22 /* Main.storyboard */,
				AA089C071CF63EDA00A94E22 /* Assets.xcassets */,
				AA089C091CF63EDA00A94E22 /* LaunchScreen.storyboard */,
				AA089C0C1CF63EDA00A94E22 /* Info.plist */,
			);
			path = "Pokemon-app";
			sourceTree = "<group>";
		};
		AA78EA921CF65881003DB3CF /* Model */ = {
			isa = PBXGroup;
			children = (
				AA78EA931CF65897003DB3CF /* Pokemon.swift */,
			);
			name = Model;
			sourceTree = "<group>";
		};
		AA78EA951CF6649A003DB3CF /* View */ = {
			isa = PBXGroup;
			children = (
				AA78EA961CF664F3003DB3CF /* MonsterCell.swift */,
			);
			name = View;
			sourceTree = "<group>";
		};
/* End PBXGroup section */

/* Begin PBXNativeTarget section */
		AA089BFC1CF63EDA00A94E22 /* Pokemon-app */ = {
			isa = PBXNativeTarget;
			buildConfigurationList = AA089C0F1CF63EDA00A94E22 /* Build configuration list for PBXNativeTarget "Pokemon-app" */;
			buildPhases = (
				AA089BF91CF63EDA00A94E22 /* Sources */,
				AA089BFA1CF63EDA00A94E22 /* Frameworks */,
				AA089BFB1CF63EDA00A94E22 /* Resources */,
			);
			buildRules = (
			);
			dependencies = (
			);
			name = "Pokemon-app";
			productName = "Pokemon-app";
			productReference = AA089BFD1CF63EDA00A94E22 /* Pokemon-app.app */;
			productType = "com.apple.product-type.application";
		};
/* End PBXNativeTarget section */

/* Begin PBXProject section */
		AA089BF51CF63EDA00A94E22 /* Project object */ = {
			isa = PBXProject;
			attributes = {
				LastSwiftUpdateCheck = 0730;
				LastUpgradeCheck = 0730;
				ORGANIZATIONNAME = hyunchan;
				TargetAttributes = {
					AA089BFC1CF63EDA00A94E22 = {
						CreatedOnToolsVersion = 7.3;
						DevelopmentTeam = 8K4BZB3NVR;
					};
				};
			};
			buildConfigurationList = AA089BF81CF63EDA00A94E22 /* Build configuration list for PBXProject "Pokemon-app" */;
			compatibilityVersion = "Xcode 3.2";
			developmentRegion = English;
			hasScannedForEncodings = 0;
			knownRegions = (
				en,
				Base,
			);
			mainGroup = AA089BF41CF63EDA00A94E22;
			productRefGroup = AA089BFE1CF63EDA00A94E22 /* Products */;
			projectDirPath = "";
			projectRoot = "";
			targets = (
				AA089BFC1CF63EDA00A94E22 /* Pokemon-app */,
			);
		};
/* End PBXProject section */

/* Begin PBXResourcesBuildPhase section */
		AA089BFB1CF63EDA00A94E22 /* Resources */ = {
			isa = PBXResourcesBuildPhase;
			buildActionMask = 2147483647;
			files = (
				AAA086F81CFCE69A00E11BD2 /* pokefont.ttf in Resources */,
				AA089C0B1CF63EDA00A94E22 /* LaunchScreen.storyboard in Resources */,
				AAA086FA1CFCEF0900E11BD2 /* music.mp3 in Resources */,
				AA089C081CF63EDA00A94E22 /* Assets.xcassets in Resources */,
				AA089C131CF6417E00A94E22 /* pokemon.csv in Resources */,
				AA089C061CF63EDA00A94E22 /* Main.storyboard in Resources */,
			);
			runOnlyForDeploymentPostprocessing = 0;
		};
/* End PBXResourcesBuildPhase section */

/* Begin PBXSourcesBuildPhase section */
		AA089BF91CF63EDA00A94E22 /* Sources */ = {
			isa = PBXSourcesBuildPhase;
			buildActionMask = 2147483647;
			files = (
				AAA086FC1CFD022500E11BD2 /* MonsterDetailVC.swift in Sources */,
				AA78EA971CF664F3003DB3CF /* MonsterCell.swift in Sources */,
				AA089C031CF63EDA00A94E22 /* ViewController.swift in Sources */,
				AA089C011CF63EDA00A94E22 /* AppDelegate.swift in Sources */,
				AA78EA941CF65897003DB3CF /* Pokemon.swift in Sources */,
				AA030AD21CF91E1A00939B8F /* csv.swift in Sources */,
			);
			runOnlyForDeploymentPostprocessing = 0;
		};
/* End PBXSourcesBuildPhase section */

/* Begin PBXVariantGroup section */
		AA089C041CF63EDA00A94E22 /* Main.storyboard */ = {
			isa = PBXVariantGroup;
			children = (
				AA089C051CF63EDA00A94E22 /* Base */,
			);
			name = Main.storyboard;
			sourceTree = "<group>";
		};
		AA089C091CF63EDA00A94E22 /* LaunchScreen.storyboard */ = {
			isa = PBXVariantGroup;
			children = (
				AA089C0A1CF63EDA00A94E22 /* Base */,
			);
			name = LaunchScreen.storyboard;
			sourceTree = "<group>";
		};
/* End PBXVariantGroup section */

/* Begin XCBuildConfiguration section */
		AA089C0D1CF63EDA00A94E22 /* Debug */ = {
			isa = XCBuildConfiguration;
			buildSettings = {
				ALWAYS_SEARCH_USER_PATHS = NO;
				CLANG_ANALYZER_NONNULL = YES;
				CLANG_CXX_LANGUAGE_STANDARD = "gnu++0x";
				CLANG_CXX_LIBRARY = "libc++";
				CLANG_ENABLE_MODULES = YES;
				CLANG_ENABLE_OBJC_ARC = YES;
				CLANG_WARN_BOOL_CONVERSION = YES;
				CLANG_WARN_CONSTANT_CONVERSION = YES;
				CLANG_WARN_DIRECT_OBJC_ISA_USAGE = YES_ERROR;
				CLANG_WARN_EMPTY_BODY = YES;
				CLANG_WARN_ENUM_CONVERSION = YES;
				CLANG_WARN_INT_CONVERSION = YES;
				CLANG_WARN_OBJC_ROOT_CLASS = YES_ERROR;
				CLANG_WARN_UNREACHABLE_CODE = YES;
				CLANG_WARN__DUPLICATE_METHOD_MATCH = YES;
				"CODE_SIGN_IDENTITY[sdk=iphoneos*]" = "iPhone Developer";
				COPY_PHASE_STRIP = NO;
				DEBUG_INFORMATION_FORMAT = dwarf;
				ENABLE_STRICT_OBJC_MSGSEND = YES;
				ENABLE_TESTABILITY = YES;
				GCC_C_LANGUAGE_STANDARD = gnu99;
				GCC_DYNAMIC_NO_PIC = NO;
				GCC_NO_COMMON_BLOCKS = YES;
				GCC_OPTIMIZATION_LEVEL = 0;
				GCC_PREPROCESSOR_DEFINITIONS = (
					"DEBUG=1",
					"$(inherited)",
				);
				GCC_WARN_64_TO_32_BIT_CONVERSION = YES;
				GCC_WARN_ABOUT_RETURN_TYPE = YES_ERROR;
				GCC_WARN_UNDECLARED_SELECTOR = YES;
				GCC_WARN_UNINITIALIZED_AUTOS = YES_AGGRESSIVE;
				GCC_WARN_UNUSED_FUNCTION = YES;
				GCC_WARN_UNUSED_VARIABLE = YES;
				IPHONEOS_DEPLOYMENT_TARGET = 9.3;
				MTL_ENABLE_DEBUG_INFO = YES;
				ONLY_ACTIVE_ARCH = YES;
				SDKROOT = iphoneos;
				SWIFT_OPTIMIZATION_LEVEL = "-Onone";
				TARGETED_DEVICE_FAMILY = "1,2";
			};
			name = Debug;
		};
		AA089C0E1CF63EDA00A94E22 /* Release */ = {
			isa = XCBuildConfiguration;
			buildSettings = {
				ALWAYS_SEARCH_USER_PATHS = NO;
				CLANG_ANALYZER_NONNULL = YES;
				CLANG_CXX_LANGUAGE_STANDARD = "gnu++0x";
				CLANG_CXX_LIBRARY = "libc++";
				CLANG_ENABLE_MODULES = YES;
				CLANG_ENABLE_OBJC_ARC = YES;
				CLANG_WARN_BOOL_CONVERSION = YES;
				CLANG_WARN_CONSTANT_CONVERSION = YES;
				CLANG_WARN_DIRECT_OBJC_ISA_USAGE = YES_ERROR;
				CLANG_WARN_EMPTY_BODY = YES;
				CLANG_WARN_ENUM_CONVERSION = YES;
				CLANG_WARN_INT_CONVERSION = YES;
				CLANG_WARN_OBJC_ROOT_CLASS = YES_ERROR;
				CLANG_WARN_UNREACHABLE_CODE = YES;
				CLANG_WARN__DUPLICATE_METHOD_MATCH = YES;
				"CODE_SIGN_IDENTITY[sdk=iphoneos*]" = "iPhone Developer";
				COPY_PHASE_STRIP = NO;
				DEBUG_INFORMATION_FORMAT = "dwarf-with-dsym";
				ENABLE_NS_ASSERTIONS = NO;
				ENABLE_STRICT_OBJC_MSGSEND = YES;
				GCC_C_LANGUAGE_STANDARD = gnu99;
				GCC_NO_COMMON_BLOCKS = YES;
				GCC_WARN_64_TO_32_BIT_CONVERSION = YES;
				GCC_WARN_ABOUT_RETURN_TYPE = YES_ERROR;
				GCC_WARN_UNDECLARED_SELECTOR = YES;
				GCC_WARN_UNINITIALIZED_AUTOS = YES_AGGRESSIVE;
				GCC_WARN_UNUSED_FUNCTION = YES;
				GCC_WARN_UNUSED_VARIABLE = YES;
				IPHONEOS_DEPLOYMENT_TARGET = 9.3;
				MTL_ENABLE_DEBUG_INFO = NO;
				SDKROOT = iphoneos;
				TARGETED_DEVICE_FAMILY = "1,2";
				VALIDATE_PRODUCT = YES;
			};
			name = Release;
		};
		AA089C101CF63EDA00A94E22 /* Debug */ = {
			isa = XCBuildConfiguration;
			buildSettings = {
				ASSETCATALOG_COMPILER_APPICON_NAME = AppIcon;
				INFOPLIST_FILE = "Pokemon-app/Info.plist";
				LD_RUNPATH_SEARCH_PATHS = "$(inherited) @executable_path/Frameworks";
				PRODUCT_BUNDLE_IDENTIFIER = "com.hyunchan.Pokemon-app";
				PRODUCT_NAME = "$(TARGET_NAME)";
			};
			name = Debug;
		};
		AA089C111CF63EDA00A94E22 /* Release */ = {
			isa = XCBuildConfiguration;
			buildSettings = {
				ASSETCATALOG_COMPILER_APPICON_NAME = AppIcon;
				INFOPLIST_FILE = "Pokemon-app/Info.plist";
				LD_RUNPATH_SEARCH_PATHS = "$(inherited) @executable_path/Frameworks";
				PRODUCT_BUNDLE_IDENTIFIER = "com.hyunchan.Pokemon-app";
				PRODUCT_NAME = "$(TARGET_NAME)";
			};
			name = Release;
		};
/* End XCBuildConfiguration section */

/* Begin XCConfigurationList section */
		AA089BF81CF63EDA00A94E22 /* Build configuration list for PBXProject "Pokemon-app" */ = {
			isa = XCConfigurationList;
			buildConfigurations = (
				AA089C0D1CF63EDA00A94E22 /* Debug */,
				AA089C0E1CF63EDA00A94E22 /* Release */,
			);
			defaultConfigurationIsVisible = 0;
			defaultConfigurationName = Release;
		};
		AA089C0F1CF63EDA00A94E22 /* Build configuration list for PBXNativeTarget "Pokemon-app" */ = {
			isa = XCConfigurationList;
			buildConfigurations = (
				AA089C101CF63EDA00A94E22 /* Debug */,
				AA089C111CF63EDA00A94E22 /* Release */,
			);
			defaultConfigurationIsVisible = 0;
			defaultConfigurationName = Release;
		};
/* End XCConfigurationList section */
	};
	rootObject = AA089BF51CF63EDA00A94E22 /* Project object */;
}
